<?xml version="1.0" encoding="utf-8"?>
<Project ToolsVersion="4.0" xmlns="http://schemas.microsoft.com/developer/msbuild/2003">
  <ItemGroup>
    <Filter Include="Arquivos de Origem">
      <UniqueIdentifier>{4FC737F1-C7A5-4376-A066-2A32D752A2FF}</UniqueIdentifier>
      <Extensions>cpp;c;cc;cxx;c++;cppm;ixx;def;odl;idl;hpj;bat;asm;asmx</Extensions>
    </Filter>
    <Filter Include="Arquivos de Cabeçalho">
      <UniqueIdentifier>{93995380-89BD-4b04-88EB-625FBE52EBFB}</UniqueIdentifier>
      <Extensions>h;hh;hpp;hxx;h++;hm;inl;inc;ipp;xsd</Extensions>
    </Filter>
    <Filter Include="Arquivos de Recurso">
      <UniqueIdentifier>{67DA6AB6-F800-4c08-8B7A-83BB121AAD01}</UniqueIdentifier>
      <Extensions>rc;ico;cur;bmp;dlg;rc2;rct;bin;rgs;gif;jpg;jpeg;jpe;resx;tiff;tif;png;wav;mfcribbon-ms</Extensions>
    </Filter>
    <Filter Include="Arquivos de Origem\Packets">
      <UniqueIdentifier>{aaa64dd5-6c43-4943-8973-2a403467d48c}</UniqueIdentifier>
    </Filter>
    <Filter Include="Arquivos de Origem\Base">
      <UniqueIdentifier>{417f6b14-276e-4601-a5a1-449c424db06d}</UniqueIdentifier>
    </Filter>
  </ItemGroup>
  <ItemGroup>
    <ClCompile Include="Main.cpp">
      <Filter>Arquivos de Origem</Filter>
    </ClCompile>
    <ClCompile Include="pch.cpp">
      <Filter>Arquivos de Recurso</Filter>
    </ClCompile>
    <ClCompile Include="Server.cpp">
      <Filter>Arquivos de Origem</Filter>
    </ClCompile>
    <ClCompile Include="..\Basedef.cpp">
      <Filter>Arquivos de Origem\Base</Filter>
    </ClCompile>
    <ClCompile Include="..\CPSock.cpp">
      <Filter>Arquivos de Origem\Base</Filter>
    </ClCompile>
    <ClCompile Include="CUser.cpp">
      <Filter>Arquivos de Origem\Base</Filter>
    </ClCompile>
    <ClCompile Include="CFileDB.cpp">
      <Filter>Arquivos de Origem\Base</Filter>
    </ClCompile>
    <ClCompile Include="Accouts.cpp">
      <Filter>Arquivos de Origem\Packets</Filter>
    </ClCompile>
    <ClCompile Include="Capsules.cpp">
      <Filter>Arquivos de Origem\Packets</Filter>
    </ClCompile>
    <ClCompile Include="Gerais.cpp">
      <Filter>Arquivos de Origem\Packets</Filter>
    </ClCompile>
    <ClCompile Include="ProcessPacket.cpp">
      <Filter>Arquivos de Origem\Packets</Filter>
    </ClCompile>
  </ItemGroup>
  <ItemGroup>
    <ClInclude Include="pch.h">
      <Filter>Arquivos de Recurso</Filter>
    </ClInclude>
    <ClInclude Include="..\Basedef.h">
      <Filter>Arquivos de Cabeçalho</Filter>
    </ClInclude>
    <ClInclude Include="..\CPSock.h">
      <Filter>Arquivos de Cabeçalho</Filter>
    </ClInclude>
    <ClInclude Include="..\ItemEffect.h">
      <Filter>Arquivos de Cabeçalho</Filter>
    </ClInclude>
    <ClInclude Include="Server.h">
      <Filter>Arquivos de Cabeçalho</Filter>
    </ClInclude>
    <ClInclude Include="Main.h">
      <Filter>Arquivos de Cabeçalho</Filter>
    </ClInclude>
    <ClInclude Include="CUser.h">
      <Filter>Arquivos de Cabeçalho</Filter>
    </ClInclude>
    <ClInclude Include="CFileDB.h">
      <Filter>Arquivos de Cabeçalho</Filter>
    </ClInclude>
  </ItemGroup>
</Project>